
Microsoft Visual Studio Solution File, Format Version 12.00
# Visual Studio Version 17
VisualStudioVersion = 17.10.34814.14
MinimumVisualStudioVersion = 10.0.40219.1
Project("{FAE04EC0-301F-11D3-BF4B-00C04F79EFBC}") = "TKSRandomFakeEmailGenerator", "TKSRandomFakeEmailGenerator\TKSRandomFakeEmailGenerator.csproj", "{B2852310-A846-4969-8BBA-FF5CBA957EFD}"
EndProject
Global
	GlobalSection(SolutionConfigurationPlatforms) = preSolution
		Debug|Any CPU = Debug|Any CPU
		Release|Any CPU = Release|Any CPU
	EndGlobalSection
	GlobalSection(ProjectConfigurationPlatforms) = postSolution
		{B2852310-A846-4969-8BBA-FF5CBA957EFD}.Debug|Any CPU.ActiveCfg = Debug|Any CPU
		{B2852310-A846-4969-8BBA-FF5CBA957EFD}.Debug|Any CPU.Build.0 = Debug|Any CPU
		{B2852310-A846-4969-8BBA-FF5CBA957EFD}.Release|Any CPU.ActiveCfg = Release|Any CPU
		{B2852310-A846-4969-8BBA-FF5CBA957EFD}.Release|Any CPU.Build.0 = Release|Any CPU
	EndGlobalSection
	GlobalSection(SolutionProperties) = preSolution
		HideSolutionNode = FALSE
	EndGlobalSection
	GlobalSection(ExtensibilityGlobals) = postSolution
		SolutionGuid = {1E231454-1E6E-44AF-8626-A45C70697C01}
	EndGlobalSection
EndGlobal
